
Microsoft Visual Studio Solution File, Format Version 12.00
# Visual Studio Version 17
VisualStudioVersion = 17.1.32210.238
MinimumVisualStudioVersion = 10.0.40219.1
Project("{FAE04EC0-301F-11D3-BF4B-00C04F79EFBC}") = "PhotoGallery", "PhotoGallery.csproj", "{2D790B54-363B-4C21-A959-87745752D74D}"
EndProject
Project("{FAE04EC0-301F-11D3-BF4B-00C04F79EFBC}") = "PhotoGalleryAPI", "..\PhotoGalleryAPI\PhotoGalleryAPI.csproj", "{FFCDC10E-7056-46E8-96F8-5415BD791FF7}"
EndProject
Project("{FAE04EC0-301F-11D3-BF4B-00C04F79EFBC}") = "PhotoGalleryMail", "..\PhotoGalleryMail\PhotoGalleryMail.csproj", "{53DB61BA-4F0B-4BAE-9A1B-BF2985E51882}"
EndProject
Global
	GlobalSection(SolutionConfigurationPlatforms) = preSolution
		Debug|Any CPU = Debug|Any CPU
		Release|Any CPU = Release|Any CPU
	EndGlobalSection
	GlobalSection(ProjectConfigurationPlatforms) = postSolution
		{2D790B54-363B-4C21-A959-87745752D74D}.Debug|Any CPU.ActiveCfg = Debug|Any CPU
		{2D790B54-363B-4C21-A959-87745752D74D}.Debug|Any CPU.Build.0 = Debug|Any CPU
		{2D790B54-363B-4C21-A959-87745752D74D}.Release|Any CPU.ActiveCfg = Release|Any CPU
		{2D790B54-363B-4C21-A959-87745752D74D}.Release|Any CPU.Build.0 = Release|Any CPU
		{FFCDC10E-7056-46E8-96F8-5415BD791FF7}.Debug|Any CPU.ActiveCfg = Debug|Any CPU
		{FFCDC10E-7056-46E8-96F8-5415BD791FF7}.Debug|Any CPU.Build.0 = Debug|Any CPU
		{FFCDC10E-7056-46E8-96F8-5415BD791FF7}.Release|Any CPU.ActiveCfg = Release|Any CPU
		{FFCDC10E-7056-46E8-96F8-5415BD791FF7}.Release|Any CPU.Build.0 = Release|Any CPU
		{53DB61BA-4F0B-4BAE-9A1B-BF2985E51882}.Debug|Any CPU.ActiveCfg = Debug|Any CPU
		{53DB61BA-4F0B-4BAE-9A1B-BF2985E51882}.Debug|Any CPU.Build.0 = Debug|Any CPU
		{53DB61BA-4F0B-4BAE-9A1B-BF2985E51882}.Release|Any CPU.ActiveCfg = Release|Any CPU
		{53DB61BA-4F0B-4BAE-9A1B-BF2985E51882}.Release|Any CPU.Build.0 = Release|Any CPU
	EndGlobalSection
	GlobalSection(SolutionProperties) = preSolution
		HideSolutionNode = FALSE
	EndGlobalSection
	GlobalSection(ExtensibilityGlobals) = postSolution
		SolutionGuid = {7F917550-46E0-4BC8-BC3E-676C570DDDE5}
	EndGlobalSection
EndGlobal
